// !$*UTF8*$!
{
	archiveVersion = 1;
	classes = {
	};
	objectVersion = 46;
	objects = {

/* Begin PBXBuildFile section */
		B0C0A7531B60DA5900E938B7 /* SwiftyJSON.framework in Copy Frameworks */ = {isa = PBXBuildFile; fileRef = B0C0A74C1B60DA4D00E938B7 /* SwiftyJSON.framework */; settings = {ATTRIBUTES = (CodeSignOnCopy, RemoveHeadersOnCopy, ); }; };
		B0C0A7541B60DA5900E938B7 /* Alamofire.framework in Copy Frameworks */ = {isa = PBXBuildFile; fileRef = B0C0A73D1B60DA4000E938B7 /* Alamofire.framework */; settings = {ATTRIBUTES = (CodeSignOnCopy, RemoveHeadersOnCopy, ); }; };
		B0C0A7581B60DB9200E938B7 /* Consts.swift in Sources */ = {isa = PBXBuildFile; fileRef = B0C0A7571B60DB9200E938B7 /* Consts.swift */; };
		B0CCDF7B1B5EDA910069DBE1 /* AppDelegate.swift in Sources */ = {isa = PBXBuildFile; fileRef = B0CCDF7A1B5EDA910069DBE1 /* AppDelegate.swift */; };
		B0CCDF7D1B5EDA910069DBE1 /* BBSViewController.swift in Sources */ = {isa = PBXBuildFile; fileRef = B0CCDF7C1B5EDA910069DBE1 /* BBSViewController.swift */; };
		B0CCDF7F1B5EDA910069DBE1 /* POSTViewController.swift in Sources */ = {isa = PBXBuildFile; fileRef = B0CCDF7E1B5EDA910069DBE1 /* POSTViewController.swift */; };
		B0CCDF821B5EDA910069DBE1 /* Main.storyboard in Resources */ = {isa = PBXBuildFile; fileRef = B0CCDF801B5EDA910069DBE1 /* Main.storyboard */; };
		B0CCDF841B5EDA910069DBE1 /* Images.xcassets in Resources */ = {isa = PBXBuildFile; fileRef = B0CCDF831B5EDA910069DBE1 /* Images.xcassets */; };
		B0CCDF871B5EDA910069DBE1 /* LaunchScreen.xib in Resources */ = {isa = PBXBuildFile; fileRef = B0CCDF851B5EDA910069DBE1 /* LaunchScreen.xib */; };
		B0CCDF931B5EDA910069DBE1 /* SimpleBBSTests.swift in Sources */ = {isa = PBXBuildFile; fileRef = B0CCDF921B5EDA910069DBE1 /* SimpleBBSTests.swift */; };
/* End PBXBuildFile section */

/* Begin PBXContainerItemProxy section */
		B0C0A73C1B60DA4000E938B7 /* PBXContainerItemProxy */ = {
			isa = PBXContainerItemProxy;
			containerPortal = B0C0A7351B60DA4000E938B7 /* Alamofire.xcodeproj */;
			proxyType = 2;
			remoteGlobalIDString = F8111E3319A95C8B0040E7D1;
			remoteInfo = "Alamofire iOS";
		};
		B0C0A73E1B60DA4000E938B7 /* PBXContainerItemProxy */ = {
			isa = PBXContainerItemProxy;
			containerPortal = B0C0A7351B60DA4000E938B7 /* Alamofire.xcodeproj */;
			proxyType = 2;
			remoteGlobalIDString = 4DD67C0B1A5C55C900ED2280;
			remoteInfo = "Alamofire OSX";
		};
		B0C0A7401B60DA4000E938B7 /* PBXContainerItemProxy */ = {
			isa = PBXContainerItemProxy;
			containerPortal = B0C0A7351B60DA4000E938B7 /* Alamofire.xcodeproj */;
			proxyType = 2;
			remoteGlobalIDString = F8111E3E19A95C8B0040E7D1;
			remoteInfo = "Alamofire iOS Tests";
		};
		B0C0A7421B60DA4000E938B7 /* PBXContainerItemProxy */ = {
			isa = PBXContainerItemProxy;
			containerPortal = B0C0A7351B60DA4000E938B7 /* Alamofire.xcodeproj */;
			proxyType = 2;
			remoteGlobalIDString = F829C6B21A7A94F100A2CD59;
			remoteInfo = "Alamofire OSX Tests";
		};
		B0C0A74B1B60DA4D00E938B7 /* PBXContainerItemProxy */ = {
			isa = PBXContainerItemProxy;
			containerPortal = B0C0A7441B60DA4D00E938B7 /* SwiftyJSON.xcodeproj */;
			proxyType = 2;
			remoteGlobalIDString = 2E4FEFDB19575BE100351305;
			remoteInfo = "SwiftyJSON iOS";
		};
		B0C0A74D1B60DA4D00E938B7 /* PBXContainerItemProxy */ = {
			isa = PBXContainerItemProxy;
			containerPortal = B0C0A7441B60DA4D00E938B7 /* SwiftyJSON.xcodeproj */;
			proxyType = 2;
			remoteGlobalIDString = 2E4FEFE619575BE100351305;
			remoteInfo = "SwiftyJSON iOS Tests";
		};
		B0C0A74F1B60DA4D00E938B7 /* PBXContainerItemProxy */ = {
			isa = PBXContainerItemProxy;
			containerPortal = B0C0A7441B60DA4D00E938B7 /* SwiftyJSON.xcodeproj */;
			proxyType = 2;
			remoteGlobalIDString = 9C7DFC5B1A9102BD005AA3F7;
			remoteInfo = "SwiftyJSON OSX";
		};
		B0C0A7511B60DA4D00E938B7 /* PBXContainerItemProxy */ = {
			isa = PBXContainerItemProxy;
			containerPortal = B0C0A7441B60DA4D00E938B7 /* SwiftyJSON.xcodeproj */;
			proxyType = 2;
			remoteGlobalIDString = 9C7DFC651A9102BD005AA3F7;
			remoteInfo = "SwiftyJSON OSX Tests";
		};
		B0CCDF8D1B5EDA910069DBE1 /* PBXContainerItemProxy */ = {
			isa = PBXContainerItemProxy;
			containerPortal = B0CCDF6D1B5EDA910069DBE1 /* Project object */;
			proxyType = 1;
			remoteGlobalIDString = B0CCDF741B5EDA910069DBE1;
			remoteInfo = SimpleBBS;
		};
/* End PBXContainerItemProxy section */

/* Begin PBXCopyFilesBuildPhase section */
		B0C0A7331B60D96B00E938B7 /* Copy Frameworks */ = {
			isa = PBXCopyFilesBuildPhase;
			buildActionMask = 2147483647;
			dstPath = "";
			dstSubfolderSpec = 10;
			files = (
				B0C0A7531B60DA5900E938B7 /* SwiftyJSON.framework in Copy Frameworks */,
				B0C0A7541B60DA5900E938B7 /* Alamofire.framework in Copy Frameworks */,
			);
			name = "Copy Frameworks";
			runOnlyForDeploymentPostprocessing = 0;
		};
/* End PBXCopyFilesBuildPhase section */

/* Begin PBXFileReference section */
		B0C0A7351B60DA4000E938B7 /* Alamofire.xcodeproj */ = {isa = PBXFileReference; lastKnownFileType = "wrapper.pb-project"; name = Alamofire.xcodeproj; path = "../../../Downloads/Alamofire-master/Alamofire.xcodeproj"; sourceTree = "<group>"; };
		B0C0A7441B60DA4D00E938B7 /* SwiftyJSON.xcodeproj */ = {isa = PBXFileReference; lastKnownFileType = "wrapper.pb-project"; name = SwiftyJSON.xcodeproj; path = "../../../Downloads/SwiftyJSON-master/SwiftyJSON.xcodeproj"; sourceTree = "<group>"; };
		B0C0A7571B60DB9200E938B7 /* Consts.swift */ = {isa = PBXFileReference; fileEncoding = 4; lastKnownFileType = sourcecode.swift; path = Consts.swift; sourceTree = "<group>"; };
		B0CCDF751B5EDA910069DBE1 /* SimpleBBS.app */ = {isa = PBXFileReference; explicitFileType = wrapper.application; includeInIndex = 0; path = SimpleBBS.app; sourceTree = BUILT_PRODUCTS_DIR; };
		B0CCDF791B5EDA910069DBE1 /* Info.plist */ = {isa = PBXFileReference; lastKnownFileType = text.plist.xml; path = Info.plist; sourceTree = "<group>"; };
		B0CCDF7A1B5EDA910069DBE1 /* AppDelegate.swift */ = {isa = PBXFileReference; lastKnownFileType = sourcecode.swift; path = AppDelegate.swift; sourceTree = "<group>"; };
		B0CCDF7C1B5EDA910069DBE1 /* BBSViewController.swift */ = {isa = PBXFileReference; lastKnownFileType = sourcecode.swift; path = BBSViewController.swift; sourceTree = "<group>"; };
		B0CCDF7E1B5EDA910069DBE1 /* POSTViewController.swift */ = {isa = PBXFileReference; lastKnownFileType = sourcecode.swift; path = POSTViewController.swift; sourceTree = "<group>"; };
		B0CCDF811B5EDA910069DBE1 /* Base */ = {isa = PBXFileReference; lastKnownFileType = file.storyboard; name = Base; path = Base.lproj/Main.storyboard; sourceTree = "<group>"; };
		B0CCDF831B5EDA910069DBE1 /* Images.xcassets */ = {isa = PBXFileReference; lastKnownFileType = folder.assetcatalog; path = Images.xcassets; sourceTree = "<group>"; };
		B0CCDF861B5EDA910069DBE1 /* Base */ = {isa = PBXFileReference; lastKnownFileType = file.xib; name = Base; path = Base.lproj/LaunchScreen.xib; sourceTree = "<group>"; };
		B0CCDF8C1B5EDA910069DBE1 /* SimpleBBSTests.xctest */ = {isa = PBXFileReference; explicitFileType = wrapper.cfbundle; includeInIndex = 0; path = SimpleBBSTests.xctest; sourceTree = BUILT_PRODUCTS_DIR; };
		B0CCDF911B5EDA910069DBE1 /* Info.plist */ = {isa = PBXFileReference; lastKnownFileType = text.plist.xml; path = Info.plist; sourceTree = "<group>"; };
		B0CCDF921B5EDA910069DBE1 /* SimpleBBSTests.swift */ = {isa = PBXFileReference; lastKnownFileType = sourcecode.swift; path = SimpleBBSTests.swift; sourceTree = "<group>"; };
/* End PBXFileReference section */

/* Begin PBXFrameworksBuildPhase section */
		B0CCDF721B5EDA910069DBE1 /* Frameworks */ = {
			isa = PBXFrameworksBuildPhase;
			buildActionMask = 2147483647;
			files = (
			);
			runOnlyForDeploymentPostprocessing = 0;
		};
		B0CCDF891B5EDA910069DBE1 /* Frameworks */ = {
			isa = PBXFrameworksBuildPhase;
			buildActionMask = 2147483647;
			files = (
			);
			runOnlyForDeploymentPostprocessing = 0;
		};
/* End PBXFrameworksBuildPhase section */

/* Begin PBXGroup section */
		B0C0A7361B60DA4000E938B7 /* Products */ = {
			isa = PBXGroup;
			children = (
				B0C0A73D1B60DA4000E938B7 /* Alamofire.framework */,
				B0C0A73F1B60DA4000E938B7 /* Alamofire.framework */,
				B0C0A7411B60DA4000E938B7 /* Alamofire iOS Tests.xctest */,
				B0C0A7431B60DA4000E938B7 /* Alamofire OSX Tests.xctest */,
			);
			name = Products;
			sourceTree = "<group>";
		};
		B0C0A7451B60DA4D00E938B7 /* Products */ = {
			isa = PBXGroup;
			children = (
				B0C0A74C1B60DA4D00E938B7 /* SwiftyJSON.framework */,
				B0C0A74E1B60DA4D00E938B7 /* SwiftyJSON iOS Tests.xctest */,
				B0C0A7501B60DA4D00E938B7 /* SwiftyJSON.framework */,
				B0C0A7521B60DA4D00E938B7 /* SwiftyJSON OSX Tests.xctest */,
			);
			name = Products;
			sourceTree = "<group>";
		};
		B0CCDF6C1B5EDA910069DBE1 = {
			isa = PBXGroup;
			children = (
				B0C0A7441B60DA4D00E938B7 /* SwiftyJSON.xcodeproj */,
				B0C0A7351B60DA4000E938B7 /* Alamofire.xcodeproj */,
				B0CCDF771B5EDA910069DBE1 /* SimpleBBS */,
				B0CCDF8F1B5EDA910069DBE1 /* SimpleBBSTests */,
				B0CCDF761B5EDA910069DBE1 /* Products */,
			);
			sourceTree = "<group>";
		};
		B0CCDF761B5EDA910069DBE1 /* Products */ = {
			isa = PBXGroup;
			children = (
				B0CCDF751B5EDA910069DBE1 /* SimpleBBS.app */,
				B0CCDF8C1B5EDA910069DBE1 /* SimpleBBSTests.xctest */,
			);
			name = Products;
			sourceTree = "<group>";
		};
		B0CCDF771B5EDA910069DBE1 /* SimpleBBS */ = {
			isa = PBXGroup;
			children = (
				B0CCDF7A1B5EDA910069DBE1 /* AppDelegate.swift */,
				B0C0A7571B60DB9200E938B7 /* Consts.swift */,
				B0CCDF7C1B5EDA910069DBE1 /* BBSViewController.swift */,
				B0CCDF7E1B5EDA910069DBE1 /* POSTViewController.swift */,
				B0CCDF801B5EDA910069DBE1 /* Main.storyboard */,
				B0CCDF831B5EDA910069DBE1 /* Images.xcassets */,
				B0CCDF851B5EDA910069DBE1 /* LaunchScreen.xib */,
				B0CCDF781B5EDA910069DBE1 /* Supporting Files */,
			);
			path = SimpleBBS;
			sourceTree = "<group>";
		};
		B0CCDF781B5EDA910069DBE1 /* Supporting Files */ = {
			isa = PBXGroup;
			children = (
				B0CCDF791B5EDA910069DBE1 /* Info.plist */,
			);
			name = "Supporting Files";
			sourceTree = "<group>";
		};
		B0CCDF8F1B5EDA910069DBE1 /* SimpleBBSTests */ = {
			isa = PBXGroup;
			children = (
				B0CCDF921B5EDA910069DBE1 /* SimpleBBSTests.swift */,
				B0CCDF901B5EDA910069DBE1 /* Supporting Files */,
			);
			path = SimpleBBSTests;
			sourceTree = "<group>";
		};
		B0CCDF901B5EDA910069DBE1 /* Supporting Files */ = {
			isa = PBXGroup;
			children = (
				B0CCDF911B5EDA910069DBE1 /* Info.plist */,
			);
			name = "Supporting Files";
			sourceTree = "<group>";
		};
/* End PBXGroup section */

/* Begin PBXNativeTarget section */
		B0CCDF741B5EDA910069DBE1 /* SimpleBBS */ = {
			isa = PBXNativeTarget;
			buildConfigurationList = B0CCDF961B5EDA910069DBE1 /* Build configuration list for PBXNativeTarget "SimpleBBS" */;
			buildPhases = (
				B0CCDF711B5EDA910069DBE1 /* Sources */,
				B0CCDF721B5EDA910069DBE1 /* Frameworks */,
				B0CCDF731B5EDA910069DBE1 /* Resources */,
				B0C0A7331B60D96B00E938B7 /* Copy Frameworks */,
			);
			buildRules = (
			);
			dependencies = (
			);
			name = SimpleBBS;
			productName = SimpleBBS;
			productReference = B0CCDF751B5EDA910069DBE1 /* SimpleBBS.app */;
			productType = "com.apple.product-type.application";
		};
		B0CCDF8B1B5EDA910069DBE1 /* SimpleBBSTests */ = {
			isa = PBXNativeTarget;
			buildConfigurationList = B0CCDF991B5EDA910069DBE1 /* Build configuration list for PBXNativeTarget "SimpleBBSTests" */;
			buildPhases = (
				B0CCDF881B5EDA910069DBE1 /* Sources */,
				B0CCDF891B5EDA910069DBE1 /* Frameworks */,
				B0CCDF8A1B5EDA910069DBE1 /* Resources */,
			);
			buildRules = (
			);
			dependencies = (
				B0CCDF8E1B5EDA910069DBE1 /* PBXTargetDependency */,
			);
			name = SimpleBBSTests;
			productName = SimpleBBSTests;
			productReference = B0CCDF8C1B5EDA910069DBE1 /* SimpleBBSTests.xctest */;
			productType = "com.apple.product-type.bundle.unit-test";
		};
/* End PBXNativeTarget section */

/* Begin PBXProject section */
		B0CCDF6D1B5EDA910069DBE1 /* Project object */ = {
			isa = PBXProject;
			attributes = {
				LastUpgradeCheck = 0640;
				ORGANIZATIONNAME = "祐輔 花田";
				TargetAttributes = {
					B0CCDF741B5EDA910069DBE1 = {
						CreatedOnToolsVersion = 6.4;
					};
					B0CCDF8B1B5EDA910069DBE1 = {
						CreatedOnToolsVersion = 6.4;
						TestTargetID = B0CCDF741B5EDA910069DBE1;
					};
				};
			};
			buildConfigurationList = B0CCDF701B5EDA910069DBE1 /* Build configuration list for PBXProject "SimpleBBS" */;
			compatibilityVersion = "Xcode 3.2";
			developmentRegion = English;
			hasScannedForEncodings = 0;
			knownRegions = (
				en,
				Base,
			);
			mainGroup = B0CCDF6C1B5EDA910069DBE1;
			productRefGroup = B0CCDF761B5EDA910069DBE1 /* Products */;
			projectDirPath = "";
			projectReferences = (
				{
					ProductGroup = B0C0A7361B60DA4000E938B7 /* Products */;
					ProjectRef = B0C0A7351B60DA4000E938B7 /* Alamofire.xcodeproj */;
				},
				{
					ProductGroup = B0C0A7451B60DA4D00E938B7 /* Products */;
					ProjectRef = B0C0A7441B60DA4D00E938B7 /* SwiftyJSON.xcodeproj */;
				},
			);
			projectRoot = "";
			targets = (
				B0CCDF741B5EDA910069DBE1 /* SimpleBBS */,
				B0CCDF8B1B5EDA910069DBE1 /* SimpleBBSTests */,
			);
		};
/* End PBXProject section */

/* Begin PBXReferenceProxy section */
		B0C0A73D1B60DA4000E938B7 /* Alamofire.framework */ = {
			isa = PBXReferenceProxy;
			fileType = wrapper.framework;
			path = Alamofire.framework;
			remoteRef = B0C0A73C1B60DA4000E938B7 /* PBXContainerItemProxy */;
			sourceTree = BUILT_PRODUCTS_DIR;
		};
		B0C0A73F1B60DA4000E938B7 /* Alamofire.framework */ = {
			isa = PBXReferenceProxy;
			fileType = wrapper.framework;
			path = Alamofire.framework;
			remoteRef = B0C0A73E1B60DA4000E938B7 /* PBXContainerItemProxy */;
			sourceTree = BUILT_PRODUCTS_DIR;
		};
		B0C0A7411B60DA4000E938B7 /* Alamofire iOS Tests.xctest */ = {
			isa = PBXReferenceProxy;
			fileType = wrapper.cfbundle;
			path = "Alamofire iOS Tests.xctest";
			remoteRef = B0C0A7401B60DA4000E938B7 /* PBXContainerItemProxy */;
			sourceTree = BUILT_PRODUCTS_DIR;
		};
		B0C0A7431B60DA4000E938B7 /* Alamofire OSX Tests.xctest */ = {
			isa = PBXReferenceProxy;
			fileType = wrapper.cfbundle;
			path = "Alamofire OSX Tests.xctest";
			remoteRef = B0C0A7421B60DA4000E938B7 /* PBXContainerItemProxy */;
			sourceTree = BUILT_PRODUCTS_DIR;
		};
		B0C0A74C1B60DA4D00E938B7 /* SwiftyJSON.framework */ = {
			isa = PBXReferenceProxy;
			fileType = wrapper.framework;
			path = SwiftyJSON.framework;
			remoteRef = B0C0A74B1B60DA4D00E938B7 /* PBXContainerItemProxy */;
			sourceTree = BUILT_PRODUCTS_DIR;
		};
		B0C0A74E1B60DA4D00E938B7 /* SwiftyJSON iOS Tests.xctest */ = {
			isa = PBXReferenceProxy;
			fileType = wrapper.cfbundle;
			path = "SwiftyJSON iOS Tests.xctest";
			remoteRef = B0C0A74D1B60DA4D00E938B7 /* PBXContainerItemProxy */;
			sourceTree = BUILT_PRODUCTS_DIR;
		};
		B0C0A7501B60DA4D00E938B7 /* SwiftyJSON.framework */ = {
			isa = PBXReferenceProxy;
			fileType = wrapper.framework;
			path = SwiftyJSON.framework;
			remoteRef = B0C0A74F1B60DA4D00E938B7 /* PBXContainerItemProxy */;
			sourceTree = BUILT_PRODUCTS_DIR;
		};
		B0C0A7521B60DA4D00E938B7 /* SwiftyJSON OSX Tests.xctest */ = {
			isa = PBXReferenceProxy;
			fileType = wrapper.cfbundle;
			path = "SwiftyJSON OSX Tests.xctest";
			remoteRef = B0C0A7511B60DA4D00E938B7 /* PBXContainerItemProxy */;
			sourceTree = BUILT_PRODUCTS_DIR;
		};
/* End PBXReferenceProxy section */

/* Begin PBXResourcesBuildPhase section */
		B0CCDF731B5EDA910069DBE1 /* Resources */ = {
			isa = PBXResourcesBuildPhase;
			buildActionMask = 2147483647;
			files = (
				B0CCDF821B5EDA910069DBE1 /* Main.storyboard in Resources */,
				B0CCDF871B5EDA910069DBE1 /* LaunchScreen.xib in Resources */,
				B0CCDF841B5EDA910069DBE1 /* Images.xcassets in Resources */,
			);
			runOnlyForDeploymentPostprocessing = 0;
		};
		B0CCDF8A1B5EDA910069DBE1 /* Resources */ = {
			isa = PBXResourcesBuildPhase;
			buildActionMask = 2147483647;
			files = (
			);
			runOnlyForDeploymentPostprocessing = 0;
		};
/* End PBXResourcesBuildPhase section */

/* Begin PBXSourcesBuildPhase section */
		B0CCDF711B5EDA910069DBE1 /* Sources */ = {
			isa = PBXSourcesBuildPhase;
			buildActionMask = 2147483647;
			files = (
				B0CCDF7F1B5EDA910069DBE1 /* POSTViewController.swift in Sources */,
				B0C0A7581B60DB9200E938B7 /* Consts.swift in Sources */,
				B0CCDF7B1B5EDA910069DBE1 /* AppDelegate.swift in Sources */,
				B0CCDF7D1B5EDA910069DBE1 /* BBSViewController.swift in Sources */,
			);
			runOnlyForDeploymentPostprocessing = 0;
		};
		B0CCDF881B5EDA910069DBE1 /* Sources */ = {
			isa = PBXSourcesBuildPhase;
			buildActionMask = 2147483647;
			files = (
				B0CCDF931B5EDA910069DBE1 /* SimpleBBSTests.swift in Sources */,
			);
			runOnlyForDeploymentPostprocessing = 0;
		};
/* End PBXSourcesBuildPhase section */

/* Begin PBXTargetDependency section */
		B0CCDF8E1B5EDA910069DBE1 /* PBXTargetDependency */ = {
			isa = PBXTargetDependency;
			target = B0CCDF741B5EDA910069DBE1 /* SimpleBBS */;
			targetProxy = B0CCDF8D1B5EDA910069DBE1 /* PBXContainerItemProxy */;
		};
/* End PBXTargetDependency section */

/* Begin PBXVariantGroup section */
		B0CCDF801B5EDA910069DBE1 /* Main.storyboard */ = {
			isa = PBXVariantGroup;
			children = (
				B0CCDF811B5EDA910069DBE1 /* Base */,
			);
			name = Main.storyboard;
			sourceTree = "<group>";
		};
		B0CCDF851B5EDA910069DBE1 /* LaunchScreen.xib */ = {
			isa = PBXVariantGroup;
			children = (
				B0CCDF861B5EDA910069DBE1 /* Base */,
			);
			name = LaunchScreen.xib;
			sourceTree = "<group>";
		};
/* End PBXVariantGroup section */

/* Begin XCBuildConfiguration section */
		B0CCDF941B5EDA910069DBE1 /* Debug */ = {
			isa = XCBuildConfiguration;
			buildSettings = {
				ALWAYS_SEARCH_USER_PATHS = NO;
				CLANG_CXX_LANGUAGE_STANDARD = "gnu++0x";
				CLANG_CXX_LIBRARY = "libc++";
				CLANG_ENABLE_MODULES = YES;
				CLANG_ENABLE_OBJC_ARC = YES;
				CLANG_WARN_BOOL_CONVERSION = YES;
				CLANG_WARN_CONSTANT_CONVERSION = YES;
				CLANG_WARN_DIRECT_OBJC_ISA_USAGE = YES_ERROR;
				CLANG_WARN_EMPTY_BODY = YES;
				CLANG_WARN_ENUM_CONVERSION = YES;
				CLANG_WARN_INT_CONVERSION = YES;
				CLANG_WARN_OBJC_ROOT_CLASS = YES_ERROR;
				CLANG_WARN_UNREACHABLE_CODE = YES;
				CLANG_WARN__DUPLICATE_METHOD_MATCH = YES;
				"CODE_SIGN_IDENTITY[sdk=iphoneos*]" = "iPhone Developer";
				COPY_PHASE_STRIP = NO;
				DEBUG_INFORMATION_FORMAT = "dwarf-with-dsym";
				ENABLE_STRICT_OBJC_MSGSEND = YES;
				GCC_C_LANGUAGE_STANDARD = gnu99;
				GCC_DYNAMIC_NO_PIC = NO;
				GCC_NO_COMMON_BLOCKS = YES;
				GCC_OPTIMIZATION_LEVEL = 0;
				GCC_PREPROCESSOR_DEFINITIONS = (
					"DEBUG=1",
					"$(inherited)",
				);
				GCC_SYMBOLS_PRIVATE_EXTERN = NO;
				GCC_WARN_64_TO_32_BIT_CONVERSION = YES;
				GCC_WARN_ABOUT_RETURN_TYPE = YES_ERROR;
				GCC_WARN_UNDECLARED_SELECTOR = YES;
				GCC_WARN_UNINITIALIZED_AUTOS = YES_AGGRESSIVE;
				GCC_WARN_UNUSED_FUNCTION = YES;
				GCC_WARN_UNUSED_VARIABLE = YES;
				IPHONEOS_DEPLOYMENT_TARGET = 8.4;
				MTL_ENABLE_DEBUG_INFO = YES;
				ONLY_ACTIVE_ARCH = YES;
				SDKROOT = iphoneos;
				SWIFT_OPTIMIZATION_LEVEL = "-Onone";
			};
			name = Debug;
		};
		B0CCDF951B5EDA910069DBE1 /* Release */ = {
			isa = XCBuildConfiguration;
			buildSettings = {
				ALWAYS_SEARCH_USER_PATHS = NO;
				CLANG_CXX_LANGUAGE_STANDARD = "gnu++0x";
				CLANG_CXX_LIBRARY = "libc++";
				CLANG_ENABLE_MODULES = YES;
				CLANG_ENABLE_OBJC_ARC = YES;
				CLANG_WARN_BOOL_CONVERSION = YES;
				CLANG_WARN_CONSTANT_CONVERSION = YES;
				CLANG_WARN_DIRECT_OBJC_ISA_USAGE = YES_ERROR;
				CLANG_WARN_EMPTY_BODY = YES;
				CLANG_WARN_ENUM_CONVERSION = YES;
				CLANG_WARN_INT_CONVERSION = YES;
				CLANG_WARN_OBJC_ROOT_CLASS = YES_ERROR;
				CLANG_WARN_UNREACHABLE_CODE = YES;
				CLANG_WARN__DUPLICATE_METHOD_MATCH = YES;
				"CODE_SIGN_IDENTITY[sdk=iphoneos*]" = "iPhone Developer";
				COPY_PHASE_STRIP = NO;
				DEBUG_INFORMATION_FORMAT = "dwarf-with-dsym";
				ENABLE_NS_ASSERTIONS = NO;
				ENABLE_STRICT_OBJC_MSGSEND = YES;
				GCC_C_LANGUAGE_STANDARD = gnu99;
				GCC_NO_COMMON_BLOCKS = YES;
				GCC_WARN_64_TO_32_BIT_CONVERSION = YES;
				GCC_WARN_ABOUT_RETURN_TYPE = YES_ERROR;
				GCC_WARN_UNDECLARED_SELECTOR = YES;
				GCC_WARN_UNINITIALIZED_AUTOS = YES_AGGRESSIVE;
				GCC_WARN_UNUSED_FUNCTION = YES;
				GCC_WARN_UNUSED_VARIABLE = YES;
				IPHONEOS_DEPLOYMENT_TARGET = 8.4;
				MTL_ENABLE_DEBUG_INFO = NO;
				SDKROOT = iphoneos;
				VALIDATE_PRODUCT = YES;
			};
			name = Release;
		};
		B0CCDF971B5EDA910069DBE1 /* Debug */ = {
			isa = XCBuildConfiguration;
			buildSettings = {
				ASSETCATALOG_COMPILER_APPICON_NAME = AppIcon;
				INFOPLIST_FILE = SimpleBBS/Info.plist;
				LD_RUNPATH_SEARCH_PATHS = "$(inherited) @executable_path/Frameworks";
				PRODUCT_NAME = "$(TARGET_NAME)";
			};
			name = Debug;
		};
		B0CCDF981B5EDA910069DBE1 /* Release */ = {
			isa = XCBuildConfiguration;
			buildSettings = {
				ASSETCATALOG_COMPILER_APPICON_NAME = AppIcon;
				INFOPLIST_FILE = SimpleBBS/Info.plist;
				LD_RUNPATH_SEARCH_PATHS = "$(inherited) @executable_path/Frameworks";
				PRODUCT_NAME = "$(TARGET_NAME)";
			};
			name = Release;
		};
		B0CCDF9A1B5EDA910069DBE1 /* Debug */ = {
			isa = XCBuildConfiguration;
			buildSettings = {
				BUNDLE_LOADER = "$(TEST_HOST)";
				FRAMEWORK_SEARCH_PATHS = (
					"$(SDKROOT)/Developer/Library/Frameworks",
					"$(inherited)",
				);
				GCC_PREPROCESSOR_DEFINITIONS = (
					"DEBUG=1",
					"$(inherited)",
				);
				INFOPLIST_FILE = SimpleBBSTests/Info.plist;
				LD_RUNPATH_SEARCH_PATHS = "$(inherited) @executable_path/Frameworks @loader_path/Frameworks";
				PRODUCT_NAME = "$(TARGET_NAME)";
				TEST_HOST = "$(BUILT_PRODUCTS_DIR)/SimpleBBS.app/SimpleBBS";
			};
			name = Debug;
		};
		B0CCDF9B1B5EDA910069DBE1 /* Release */ = {
			isa = XCBuildConfiguration;
			buildSettings = {
				BUNDLE_LOADER = "$(TEST_HOST)";
				FRAMEWORK_SEARCH_PATHS = (
					"$(SDKROOT)/Developer/Library/Frameworks",
					"$(inherited)",
				);
				INFOPLIST_FILE = SimpleBBSTests/Info.plist;
				LD_RUNPATH_SEARCH_PATHS = "$(inherited) @executable_path/Frameworks @loader_path/Frameworks";
				PRODUCT_NAME = "$(TARGET_NAME)";
				TEST_HOST = "$(BUILT_PRODUCTS_DIR)/SimpleBBS.app/SimpleBBS";
			};
			name = Release;
		};
/* End XCBuildConfiguration section */

/* Begin XCConfigurationList section */
		B0CCDF701B5EDA910069DBE1 /* Build configuration list for PBXProject "SimpleBBS" */ = {
			isa = XCConfigurationList;
			buildConfigurations = (
				B0CCDF941B5EDA910069DBE1 /* Debug */,
				B0CCDF951B5EDA910069DBE1 /* Release */,
			);
			defaultConfigurationIsVisible = 0;
			defaultConfigurationName = Release;
		};
		B0CCDF961B5EDA910069DBE1 /* Build configuration list for PBXNativeTarget "SimpleBBS" */ = {
			isa = XCConfigurationList;
			buildConfigurations = (
				B0CCDF971B5EDA910069DBE1 /* Debug */,
				B0CCDF981B5EDA910069DBE1 /* Release */,
			);
			defaultConfigurationIsVisible = 0;
			defaultConfigurationName = Release;
		};
		B0CCDF991B5EDA910069DBE1 /* Build configuration list for PBXNativeTarget "SimpleBBSTests" */ = {
			isa = XCConfigurationList;
			buildConfigurations = (
				B0CCDF9A1B5EDA910069DBE1 /* Debug */,
				B0CCDF9B1B5EDA910069DBE1 /* Release */,
			);
			defaultConfigurationIsVisible = 0;
			defaultConfigurationName = Release;
		};
/* End XCConfigurationList section */
	};
	rootObject = B0CCDF6D1B5EDA910069DBE1 /* Project object */;
}
